
Microsoft Visual Studio Solution File, Format Version 12.00
# Visual Studio Version 17
VisualStudioVersion = 17.2.32616.157
MinimumVisualStudioVersion = 10.0.40219.1
Project("{FAE04EC0-301F-11D3-BF4B-00C04F79EFBC}") = "BlazorWebSite", "BlazorWebSite\BlazorWebSite.csproj", "{DCD870AD-C5A8-4517-BE4D-12EC3F72A2D2}"
EndProject
Global
	GlobalSection(SolutionConfigurationPlatforms) = preSolution
		Debug|Any CPU = Debug|Any CPU
		Release|Any CPU = Release|Any CPU
	EndGlobalSection
	GlobalSection(ProjectConfigurationPlatforms) = postSolution
		{DCD870AD-C5A8-4517-BE4D-12EC3F72A2D2}.Debug|Any CPU.ActiveCfg = Debug|Any CPU
		{DCD870AD-C5A8-4517-BE4D-12EC3F72A2D2}.Debug|Any CPU.Build.0 = Debug|Any CPU
		{DCD870AD-C5A8-4517-BE4D-12EC3F72A2D2}.Release|Any CPU.ActiveCfg = Release|Any CPU
		{DCD870AD-C5A8-4517-BE4D-12EC3F72A2D2}.Release|Any CPU.Build.0 = Release|Any CPU
	EndGlobalSection
	GlobalSection(SolutionProperties) = preSolution
		HideSolutionNode = FALSE
	EndGlobalSection
	GlobalSection(ExtensibilityGlobals) = postSolution
		SolutionGuid = {0A47764A-952A-4A61-913C-10BCEBAFF0B0}
	EndGlobalSection
EndGlobal
