
Microsoft Visual Studio Solution File, Format Version 12.00
# Visual Studio Version 17
VisualStudioVersion = 17.2.32616.157
MinimumVisualStudioVersion = 10.0.40219.1
Project("{FAE04EC0-301F-11D3-BF4B-00C04F79EFBC}") = "myWinformsApp", "myWinformsApp\myWinformsApp.csproj", "{2E85F10E-95DC-4D27-8C31-363A0DEF7F95}"
EndProject
Global
	GlobalSection(SolutionConfigurationPlatforms) = preSolution
		Debug|Any CPU = Debug|Any CPU
		Release|Any CPU = Release|Any CPU
	EndGlobalSection
	GlobalSection(ProjectConfigurationPlatforms) = postSolution
		{2E85F10E-95DC-4D27-8C31-363A0DEF7F95}.Debug|Any CPU.ActiveCfg = Debug|Any CPU
		{2E85F10E-95DC-4D27-8C31-363A0DEF7F95}.Debug|Any CPU.Build.0 = Debug|Any CPU
		{2E85F10E-95DC-4D27-8C31-363A0DEF7F95}.Release|Any CPU.ActiveCfg = Release|Any CPU
		{2E85F10E-95DC-4D27-8C31-363A0DEF7F95}.Release|Any CPU.Build.0 = Release|Any CPU
	EndGlobalSection
	GlobalSection(SolutionProperties) = preSolution
		HideSolutionNode = FALSE
	EndGlobalSection
	GlobalSection(ExtensibilityGlobals) = postSolution
		SolutionGuid = {CF77719D-974A-420C-B447-767284E538A7}
	EndGlobalSection
EndGlobal
