
Microsoft Visual Studio Solution File, Format Version 12.00
# Visual Studio Version 17
VisualStudioVersion = 17.2.32616.157
MinimumVisualStudioVersion = 10.0.40219.1
Project("{FAE04EC0-301F-11D3-BF4B-00C04F79EFBC}") = "WpfApp1", "WpfApp1\WpfApp1.csproj", "{78E0C7BC-6CE7-44B8-AB67-F4D352FA576C}"
EndProject
Global
	GlobalSection(SolutionConfigurationPlatforms) = preSolution
		Debug|Any CPU = Debug|Any CPU
		Release|Any CPU = Release|Any CPU
	EndGlobalSection
	GlobalSection(ProjectConfigurationPlatforms) = postSolution
		{78E0C7BC-6CE7-44B8-AB67-F4D352FA576C}.Debug|Any CPU.ActiveCfg = Debug|Any CPU
		{78E0C7BC-6CE7-44B8-AB67-F4D352FA576C}.Debug|Any CPU.Build.0 = Debug|Any CPU
		{78E0C7BC-6CE7-44B8-AB67-F4D352FA576C}.Release|Any CPU.ActiveCfg = Release|Any CPU
		{78E0C7BC-6CE7-44B8-AB67-F4D352FA576C}.Release|Any CPU.Build.0 = Release|Any CPU
	EndGlobalSection
	GlobalSection(SolutionProperties) = preSolution
		HideSolutionNode = FALSE
	EndGlobalSection
	GlobalSection(ExtensibilityGlobals) = postSolution
		SolutionGuid = {994DADD4-68F7-4585-B6FE-0E1797E9160C}
	EndGlobalSection
EndGlobal
